
Microsoft Visual Studio Solution File, Format Version 12.00
# Visual Studio Version 17
VisualStudioVersion = 17.0.31903.59
MinimumVisualStudioVersion = 10.0.40219.1
Project("{2150E333-8FDC-42A3-9474-1A3956D46DE8}") = "src", "src", "{827E0CD3-B72D-47B6-A68D-7590B98EB39B}"
EndProject
Project("{FAE04EC0-301F-11D3-BF4B-00C04F79EFBC}") = "XsAndOs.Core", "src\XsAndOs.Core\XsAndOs.Core.csproj", "{5DB78AB0-094B-4E9E-8D87-21A4B4158890}"
EndProject
Project("{FAE04EC0-301F-11D3-BF4B-00C04F79EFBC}") = "XsAndOs.Playbook", "src\XsAndOs.Playbook\XsAndOs.Playbook.csproj", "{739F1FF0-A01C-4370-8929-20781EFFB02D}"
EndProject
Project("{FAE04EC0-301F-11D3-BF4B-00C04F79EFBC}") = "XsAndOs.Cli", "src\XsAndOs.Cli\XsAndOs.Cli.csproj", "{271FB82C-F4C1-4246-BAD8-A2EFB27962FE}"
EndProject
Project("{FAE04EC0-301F-11D3-BF4B-00C04F79EFBC}") = "XsAndOs.Viewer", "src\XsAndOs.Viewer\XsAndOs.Viewer.csproj", "{9D6866CC-7173-4968-B50E-FAB13AB3CBAB}"
EndProject
Project("{FAE04EC0-301F-11D3-BF4B-00C04F79EFBC}") = "XsAndOs.Core.Tests", "tests\XsAndOs.Core.Tests\XsAndOs.Core.Tests.csproj", "{2E7AAAAB-62D8-4E4E-BEFF-EF98FFD730DC}"
EndProject
Global
	GlobalSection(SolutionConfigurationPlatforms) = preSolution
		Debug|Any CPU = Debug|Any CPU
		Debug|x64 = Debug|x64
		Debug|x86 = Debug|x86
		Release|Any CPU = Release|Any CPU
		Release|x64 = Release|x64
		Release|x86 = Release|x86
	EndGlobalSection
	GlobalSection(ProjectConfigurationPlatforms) = postSolution
		{5DB78AB0-094B-4E9E-8D87-21A4B4158890}.Debug|Any CPU.ActiveCfg = Debug|Any CPU
		{5DB78AB0-094B-4E9E-8D87-21A4B4158890}.Debug|Any CPU.Build.0 = Debug|Any CPU
		{5DB78AB0-094B-4E9E-8D87-21A4B4158890}.Debug|x64.ActiveCfg = Debug|Any CPU
		{5DB78AB0-094B-4E9E-8D87-21A4B4158890}.Debug|x64.Build.0 = Debug|Any CPU
		{5DB78AB0-094B-4E9E-8D87-21A4B4158890}.Debug|x86.ActiveCfg = Debug|Any CPU
		{5DB78AB0-094B-4E9E-8D87-21A4B4158890}.Debug|x86.Build.0 = Debug|Any CPU
		{5DB78AB0-094B-4E9E-8D87-21A4B4158890}.Release|Any CPU.ActiveCfg = Release|Any CPU
		{5DB78AB0-094B-4E9E-8D87-21A4B4158890}.Release|Any CPU.Build.0 = Release|Any CPU
		{5DB78AB0-094B-4E9E-8D87-21A4B4158890}.Release|x64.ActiveCfg = Release|Any CPU
		{5DB78AB0-094B-4E9E-8D87-21A4B4158890}.Release|x64.Build.0 = Release|Any CPU
		{5DB78AB0-094B-4E9E-8D87-21A4B4158890}.Release|x86.ActiveCfg = Release|Any CPU
		{5DB78AB0-094B-4E9E-8D87-21A4B4158890}.Release|x86.Build.0 = Release|Any CPU
		{739F1FF0-A01C-4370-8929-20781EFFB02D}.Debug|Any CPU.ActiveCfg = Debug|Any CPU
		{739F1FF0-A01C-4370-8929-20781EFFB02D}.Debug|Any CPU.Build.0 = Debug|Any CPU
		{739F1FF0-A01C-4370-8929-20781EFFB02D}.Debug|x64.ActiveCfg = Debug|Any CPU
		{739F1FF0-A01C-4370-8929-20781EFFB02D}.Debug|x64.Build.0 = Debug|Any CPU
		{739F1FF0-A01C-4370-8929-20781EFFB02D}.Debug|x86.ActiveCfg = Debug|Any CPU
		{739F1FF0-A01C-4370-8929-20781EFFB02D}.Debug|x86.Build.0 = Debug|Any CPU
		{739F1FF0-A01C-4370-8929-20781EFFB02D}.Release|Any CPU.ActiveCfg = Release|Any CPU
		{739F1FF0-A01C-4370-8929-20781EFFB02D}.Release|Any CPU.Build.0 = Release|Any CPU
		{739F1FF0-A01C-4370-8929-20781EFFB02D}.Release|x64.ActiveCfg = Release|Any CPU
		{739F1FF0-A01C-4370-8929-20781EFFB02D}.Release|x64.Build.0 = Release|Any CPU
		{739F1FF0-A01C-4370-8929-20781EFFB02D}.Release|x86.ActiveCfg = Release|Any CPU
		{739F1FF0-A01C-4370-8929-20781EFFB02D}.Release|x86.Build.0 = Release|Any CPU
		{271FB82C-F4C1-4246-BAD8-A2EFB27962FE}.Debug|Any CPU.ActiveCfg = Debug|Any CPU
		{271FB82C-F4C1-4246-BAD8-A2EFB27962FE}.Debug|Any CPU.Build.0 = Debug|Any CPU
		{271FB82C-F4C1-4246-BAD8-A2EFB27962FE}.Debug|x64.ActiveCfg = Debug|Any CPU
		{271FB82C-F4C1-4246-BAD8-A2EFB27962FE}.Debug|x64.Build.0 = Debug|Any CPU
		{271FB82C-F4C1-4246-BAD8-A2EFB27962FE}.Debug|x86.ActiveCfg = Debug|Any CPU
		{271FB82C-F4C1-4246-BAD8-A2EFB27962FE}.Debug|x86.Build.0 = Debug|Any CPU
		{271FB82C-F4C1-4246-BAD8-A2EFB27962FE}.Release|Any CPU.ActiveCfg = Release|Any CPU
		{271FB82C-F4C1-4246-BAD8-A2EFB27962FE}.Release|Any CPU.Build.0 = Release|Any CPU
		{271FB82C-F4C1-4246-BAD8-A2EFB27962FE}.Release|x64.ActiveCfg = Release|Any CPU
		{271FB82C-F4C1-4246-BAD8-A2EFB27962FE}.Release|x64.Build.0 = Release|Any CPU
		{271FB82C-F4C1-4246-BAD8-A2EFB27962FE}.Release|x86.ActiveCfg = Release|Any CPU
		{271FB82C-F4C1-4246-BAD8-A2EFB27962FE}.Release|x86.Build.0 = Release|Any CPU
		{9D6866CC-7173-4968-B50E-FAB13AB3CBAB}.Debug|Any CPU.ActiveCfg = Debug|Any CPU
		{9D6866CC-7173-4968-B50E-FAB13AB3CBAB}.Debug|Any CPU.Build.0 = Debug|Any CPU
		{9D6866CC-7173-4968-B50E-FAB13AB3CBAB}.Debug|x64.ActiveCfg = Debug|Any CPU
		{9D6866CC-7173-4968-B50E-FAB13AB3CBAB}.Debug|x64.Build.0 = Debug|Any CPU
		{9D6866CC-7173-4968-B50E-FAB13AB3CBAB}.Debug|x86.ActiveCfg = Debug|Any CPU
		{9D6866CC-7173-4968-B50E-FAB13AB3CBAB}.Debug|x86.Build.0 = Debug|Any CPU
		{9D6866CC-7173-4968-B50E-FAB13AB3CBAB}.Release|Any CPU.ActiveCfg = Release|Any CPU
		{9D6866CC-7173-4968-B50E-FAB13AB3CBAB}.Release|Any CPU.Build.0 = Release|Any CPU
		{9D6866CC-7173-4968-B50E-FAB13AB3CBAB}.Release|x64.ActiveCfg = Release|Any CPU
		{9D6866CC-7173-4968-B50E-FAB13AB3CBAB}.Release|x64.Build.0 = Release|Any CPU
		{9D6866CC-7173-4968-B50E-FAB13AB3CBAB}.Release|x86.ActiveCfg = Release|Any CPU
		{9D6866CC-7173-4968-B50E-FAB13AB3CBAB}.Release|x86.Build.0 = Release|Any CPU
		{2E7AAAAB-62D8-4E4E-BEFF-EF98FFD730DC}.Debug|Any CPU.ActiveCfg = Debug|Any CPU
		{2E7AAAAB-62D8-4E4E-BEFF-EF98FFD730DC}.Debug|Any CPU.Build.0 = Debug|Any CPU
		{2E7AAAAB-62D8-4E4E-BEFF-EF98FFD730DC}.Debug|x64.ActiveCfg = Debug|Any CPU
		{2E7AAAAB-62D8-4E4E-BEFF-EF98FFD730DC}.Debug|x64.Build.0 = Debug|Any CPU
		{2E7AAAAB-62D8-4E4E-BEFF-EF98FFD730DC}.Debug|x86.ActiveCfg = Debug|Any CPU
		{2E7AAAAB-62D8-4E4E-BEFF-EF98FFD730DC}.Debug|x86.Build.0 = Debug|Any CPU
		{2E7AAAAB-62D8-4E4E-BEFF-EF98FFD730DC}.Release|Any CPU.ActiveCfg = Release|Any CPU
		{2E7AAAAB-62D8-4E4E-BEFF-EF98FFD730DC}.Release|Any CPU.Build.0 = Release|Any CPU
		{2E7AAAAB-62D8-4E4E-BEFF-EF98FFD730DC}.Release|x64.ActiveCfg = Release|Any CPU
		{2E7AAAAB-62D8-4E4E-BEFF-EF98FFD730DC}.Release|x64.Build.0 = Release|Any CPU
		{2E7AAAAB-62D8-4E4E-BEFF-EF98FFD730DC}.Release|x86.ActiveCfg = Release|Any CPU
		{2E7AAAAB-62D8-4E4E-BEFF-EF98FFD730DC}.Release|x86.Build.0 = Release|Any CPU
	EndGlobalSection
	GlobalSection(SolutionProperties) = preSolution
		HideSolutionNode = FALSE
	EndGlobalSection
	GlobalSection(NestedProjects) = preSolution
		{5DB78AB0-094B-4E9E-8D87-21A4B4158890} = {827E0CD3-B72D-47B6-A68D-7590B98EB39B}
		{739F1FF0-A01C-4370-8929-20781EFFB02D} = {827E0CD3-B72D-47B6-A68D-7590B98EB39B}
		{271FB82C-F4C1-4246-BAD8-A2EFB27962FE} = {827E0CD3-B72D-47B6-A68D-7590B98EB39B}
		{9D6866CC-7173-4968-B50E-FAB13AB3CBAB} = {827E0CD3-B72D-47B6-A68D-7590B98EB39B}
		{2E7AAAAB-62D8-4E4E-BEFF-EF98FFD730DC} = {827E0CD3-B72D-47B6-A68D-7590B98EB39B}
	EndGlobalSection
EndGlobal
